
Microsoft Visual Studio Solution File, Format Version 12.00
# Visual Studio Version 17
VisualStudioVersion = 17.5.33103.201
MinimumVisualStudioVersion = 10.0.40219.1
Project("{FAE04EC0-301F-11D3-BF4B-00C04F79EFBC}") = "FlatOut2.Utils.MPNameChange", "FlatOut2.Utils.MPNameChange\FlatOut2.Utils.MPNameChange.csproj", "{57C2A981-2B8D-42B9-8DF8-347F63523210}"
EndProject
Global
	GlobalSection(SolutionConfigurationPlatforms) = preSolution
		Debug|Any CPU = Debug|Any CPU
		Release|Any CPU = Release|Any CPU
	EndGlobalSection
	GlobalSection(ProjectConfigurationPlatforms) = postSolution
		{57C2A981-2B8D-42B9-8DF8-347F63523210}.Debug|Any CPU.ActiveCfg = Debug|Any CPU
		{57C2A981-2B8D-42B9-8DF8-347F63523210}.Debug|Any CPU.Build.0 = Debug|Any CPU
		{57C2A981-2B8D-42B9-8DF8-347F63523210}.Release|Any CPU.ActiveCfg = Release|Any CPU
		{57C2A981-2B8D-42B9-8DF8-347F63523210}.Release|Any CPU.Build.0 = Release|Any CPU
	EndGlobalSection
	GlobalSection(SolutionProperties) = preSolution
		HideSolutionNode = FALSE
	EndGlobalSection
	GlobalSection(ExtensibilityGlobals) = postSolution
		SolutionGuid = {AA873A4C-2586-4383-B431-89D3F72F925A}
	EndGlobalSection
EndGlobal
